{
  "version": 4,
  "terraform_version": "1.9.7",
  "serial": 6,
  "lineage": "246c8155-dbfd-9db3-e124-1ce9248a0015",
  "outputs": {},
  "resources": [
    {
      "mode": "managed",
      "type": "aws_instance",
      "name": "santra_instance",
      "provider": "provider[\"registry.terraform.io/hashicorp/aws\"]",
      "instances": [
        {
          "schema_version": 1,
          "attributes": {
            "ami": "ami-0fff1b9a61dec8a5f",
            "arn": "arn:aws:ec2:us-east-1:533267433451:instance/i-0c8b90f2bc61f9e61",
            "associate_public_ip_address": true,
            "availability_zone": "us-east-1a",
            "capacity_reservation_specification": [
              {
                "capacity_reservation_preference": "open",
                "capacity_reservation_target": []
              }
            ],
            "cpu_core_count": 1,
            "cpu_options": [
              {
                "amd_sev_snp": "",
                "core_count": 1,
                "threads_per_core": 1
              }
            ],
            "cpu_threads_per_core": 1,
            "credit_specification": [
              {
                "cpu_credits": "standard"
              }
            ],
            "disable_api_stop": false,
            "disable_api_termination": false,
            "ebs_block_device": [],
            "ebs_optimized": false,
            "enclave_options": [
              {
                "enabled": false
              }
            ],
            "ephemeral_block_device": [],
            "get_password_data": false,
            "hibernation": false,
            "host_id": "",
            "host_resource_group_arn": null,
            "iam_instance_profile": "",
            "id": "i-0c8b90f2bc61f9e61",
            "instance_initiated_shutdown_behavior": "stop",
            "instance_lifecycle": "",
            "instance_market_options": [],
            "instance_state": "running",
            "instance_type": "t2.micro",
            "ipv6_address_count": 0,
            "ipv6_addresses": [],
            "key_name": "santrakey",
            "launch_template": [],
            "maintenance_options": [
              {
                "auto_recovery": "default"
              }
            ],
            "metadata_options": [
              {
                "http_endpoint": "enabled",
                "http_protocol_ipv6": "disabled",
                "http_put_response_hop_limit": 2,
                "http_tokens": "required",
                "instance_metadata_tags": "disabled"
              }
            ],
            "monitoring": false,
            "network_interface": [],
            "outpost_arn": "",
            "password_data": "",
            "placement_group": "",
            "placement_partition_number": 0,
            "primary_network_interface_id": "eni-0b5f62bb7d3bac53d",
            "private_dns": "ip-172-31-12-103.ec2.internal",
            "private_dns_name_options": [
              {
                "enable_resource_name_dns_a_record": false,
                "enable_resource_name_dns_aaaa_record": false,
                "hostname_type": "ip-name"
              }
            ],
            "private_ip": "172.31.12.103",
            "public_dns": "ec2-3-80-161-226.compute-1.amazonaws.com",
            "public_ip": "3.80.161.226",
            "root_block_device": [
              {
                "delete_on_termination": true,
                "device_name": "/dev/xvda",
                "encrypted": false,
                "iops": 3000,
                "kms_key_id": "",
                "tags": {},
                "tags_all": {},
                "throughput": 125,
                "volume_id": "vol-0ae606311d3e66401",
                "volume_size": 8,
                "volume_type": "gp3"
              }
            ],
            "secondary_private_ips": [],
            "security_groups": [
              "Terrafrom_Demo_SG"
            ],
            "source_dest_check": true,
            "spot_instance_request_id": "",
            "subnet_id": "subnet-077df60472b3b675b",
            "tags": {
              "Name": "Terraform Demo",
              "Project": "Terraform Provisioning"
            },
            "tags_all": {
              "Name": "Terraform Demo",
              "Project": "Terraform Provisioning"
            },
            "tenancy": "default",
            "timeouts": null,
            "user_data": null,
            "user_data_base64": null,
            "user_data_replace_on_change": false,
            "volume_tags": null,
            "vpc_security_group_ids": [
              "sg-0f09daaf0ac28abae"
            ]
          },
          "sensitive_attributes": [],
          "private": "eyJlMmJmYjczMC1lY2FhLTExZTYtOGY4OC0zNDM2M2JjN2M0YzAiOnsiY3JlYXRlIjo2MDAwMDAwMDAwMDAsImRlbGV0ZSI6MTIwMDAwMDAwMDAwMCwicmVhZCI6OTAwMDAwMDAwMDAwLCJ1cGRhdGUiOjYwMDAwMDAwMDAwMH0sInNjaGVtYV92ZXJzaW9uIjoiMSJ9",
          "dependencies": [
            "aws_key_pair.santra_key"
          ]
        }
      ]
    },
    {
      "mode": "managed",
      "type": "aws_key_pair",
      "name": "santra_key",
      "provider": "provider[\"registry.terraform.io/hashicorp/aws\"]",
      "instances": [
        {
          "schema_version": 1,
          "attributes": {
            "arn": "arn:aws:ec2:us-east-1:533267433451:key-pair/santrakey",
            "fingerprint": "66:6a:78:ca:43:c3:2c:44:1b:ce:7b:59:21:9c:62:49",
            "id": "santrakey",
            "key_name": "santrakey",
            "key_name_prefix": "",
            "key_pair_id": "key-06d1e3a0d5d277234",
            "key_type": "rsa",
            "public_key": "ssh-rsa AAAAB3NzaC1yc2EAAAADAQABAAABgQC5/iYmoMttwjD1onMoleJSfRaJgwx0eCIKFdrqKDSsBMA55oBLoafFwJKYJhEYVchr8+5C3Pfeh3TRJKY8t5bMOMqjhTkW+XlnjP72ja7Sx1qewkyzm2Gc15REz0z9QGlK5oVWv1upK8C7fVbM1aFwvDrBMOR4nv06RTOLdNwX5I6IQ3f93umki0teNGj6enjv2F5oioByg+5L3fkBGV3fAcq0k3BCYgQNAwJiGpEv3c5ICyeUM/n7Q3WVeTRTXvqDjF06ggPlGkUarFdMNaFWsh0DMHbQIQRQ/3X5q7evk6cCoXJcXLkCdNzGH1D9QknxuaNkhgthTwKOl96yfmU+c34SL6yRUU5csXJgynUG2XKBVZ9vFdzzsK3wosK/OijdB49BEmI8vUbMYz64K8p8osysPutwcosrebcfJBxdJCjMwiu66L/5a1eEHeL72JcsHvAFQtkxmAuRrt0FDWPa1t4C6arEtiE8T6bNMeqIoEc2dEGxTmHPjYkUjE+Bkps= hkg@DESKTOP-N00QQFU",
            "tags": {},
            "tags_all": {}
          },
          "sensitive_attributes": [],
          "private": "eyJzY2hlbWFfdmVyc2lvbiI6IjEifQ=="
        }
      ]
    }
  ],
  "check_results": null
}
